
Microsoft Visual Studio Solution File, Format Version 12.00
# Visual Studio Version 17
VisualStudioVersion = 17.5.33516.290
MinimumVisualStudioVersion = 10.0.40219.1
Project("{9A19103F-16F7-4668-BE54-9A1E7A4F7556}") = "nuget-class-library.Tests", "components\unit-tests\nuget-class-library.Tests\nuget-class-library.Tests.csproj", "{13B9DC80-40B4-40E2-B566-509AA243C0F4}"
EndProject
Project("{9A19103F-16F7-4668-BE54-9A1E7A4F7556}") = "nuget-class-library", "components\nuget-class-library\nuget-class-library.csproj", "{7D66F043-4922-413F-9097-36B067A43148}"
EndProject
Global
	GlobalSection(SolutionConfigurationPlatforms) = preSolution
		Debug|Any CPU = Debug|Any CPU
		Release|Any CPU = Release|Any CPU
	EndGlobalSection
	GlobalSection(ProjectConfigurationPlatforms) = postSolution
		{13B9DC80-40B4-40E2-B566-509AA243C0F4}.Debug|Any CPU.ActiveCfg = Debug|Any CPU
		{13B9DC80-40B4-40E2-B566-509AA243C0F4}.Debug|Any CPU.Build.0 = Debug|Any CPU
		{13B9DC80-40B4-40E2-B566-509AA243C0F4}.Release|Any CPU.ActiveCfg = Release|Any CPU
		{13B9DC80-40B4-40E2-B566-509AA243C0F4}.Release|Any CPU.Build.0 = Release|Any CPU
		{7D66F043-4922-413F-9097-36B067A43148}.Debug|Any CPU.ActiveCfg = Debug|Any CPU
		{7D66F043-4922-413F-9097-36B067A43148}.Debug|Any CPU.Build.0 = Debug|Any CPU
		{7D66F043-4922-413F-9097-36B067A43148}.Release|Any CPU.ActiveCfg = Release|Any CPU
		{7D66F043-4922-413F-9097-36B067A43148}.Release|Any CPU.Build.0 = Release|Any CPU
	EndGlobalSection
	GlobalSection(SolutionProperties) = preSolution
		HideSolutionNode = FALSE
	EndGlobalSection
	GlobalSection(ExtensibilityGlobals) = postSolution
		SolutionGuid = {DE9523D5-E4DB-4B95-A807-EF05215FFB56}
	EndGlobalSection
EndGlobal
